
Microsoft Visual Studio Solution File, Format Version 12.00
# Visual Studio Version 17
VisualStudioVersion = 17.1.32228.430
MinimumVisualStudioVersion = 10.0.40219.1
Project("{FAE04EC0-301F-11D3-BF4B-00C04F79EFBC}") = "ProvaSuficienciaWebII", "ProvaSuficienciaWebII.csproj", "{CCC4B995-6D1B-4073-A28B-F10A2370CE98}"
EndProject
Global
	GlobalSection(SolutionConfigurationPlatforms) = preSolution
		Debug|Any CPU = Debug|Any CPU
		Release|Any CPU = Release|Any CPU
	EndGlobalSection
	GlobalSection(ProjectConfigurationPlatforms) = postSolution
		{CCC4B995-6D1B-4073-A28B-F10A2370CE98}.Debug|Any CPU.ActiveCfg = Debug|Any CPU
		{CCC4B995-6D1B-4073-A28B-F10A2370CE98}.Debug|Any CPU.Build.0 = Debug|Any CPU
		{CCC4B995-6D1B-4073-A28B-F10A2370CE98}.Release|Any CPU.ActiveCfg = Release|Any CPU
		{CCC4B995-6D1B-4073-A28B-F10A2370CE98}.Release|Any CPU.Build.0 = Release|Any CPU
	EndGlobalSection
	GlobalSection(SolutionProperties) = preSolution
		HideSolutionNode = FALSE
	EndGlobalSection
	GlobalSection(ExtensibilityGlobals) = postSolution
		SolutionGuid = {C4C99519-9293-4649-8BBC-A0770EA8984A}
	EndGlobalSection
EndGlobal
